
Microsoft Visual Studio Solution File, Format Version 12.00
# Visual Studio 14
VisualStudioVersion = 14.0.25420.1
MinimumVisualStudioVersion = 10.0.40219.1
Project("{FAE04EC0-301F-11D3-BF4B-00C04F79EFBC}") = "Aula0705_console", "Aula0705_console\Aula0705_console.csproj", "{781CCAAA-32F8-49BF-9F64-D0FDE7EAF84D}"
EndProject
Project("{FAE04EC0-301F-11D3-BF4B-00C04F79EFBC}") = "Aula1005_POO", "Aula1005_POO\Aula1005_POO.csproj", "{42CBB813-A54B-424E-A25E-9936CD54018E}"
EndProject
Project("{FAE04EC0-301F-11D3-BF4B-00C04F79EFBC}") = "Aula1405_Interfaces", "Aula1405_Interfaces\Aula1405_Interfaces.csproj", "{343D2C9D-D612-4958-ACB9-0A15C1ED437E}"
EndProject
Project("{FAE04EC0-301F-11D3-BF4B-00C04F79EFBC}") = "Aula1705_Camadas", "Aula1705_Camadas\Aula1705_Camadas.csproj", "{12E28FED-842C-48D6-B1A3-C3D6D1F0AD09}"
EndProject
Global
	GlobalSection(SolutionConfigurationPlatforms) = preSolution
		Debug|Any CPU = Debug|Any CPU
		Release|Any CPU = Release|Any CPU
	EndGlobalSection
	GlobalSection(ProjectConfigurationPlatforms) = postSolution
		{781CCAAA-32F8-49BF-9F64-D0FDE7EAF84D}.Debug|Any CPU.ActiveCfg = Debug|Any CPU
		{781CCAAA-32F8-49BF-9F64-D0FDE7EAF84D}.Debug|Any CPU.Build.0 = Debug|Any CPU
		{781CCAAA-32F8-49BF-9F64-D0FDE7EAF84D}.Release|Any CPU.ActiveCfg = Release|Any CPU
		{781CCAAA-32F8-49BF-9F64-D0FDE7EAF84D}.Release|Any CPU.Build.0 = Release|Any CPU
		{42CBB813-A54B-424E-A25E-9936CD54018E}.Debug|Any CPU.ActiveCfg = Debug|Any CPU
		{42CBB813-A54B-424E-A25E-9936CD54018E}.Debug|Any CPU.Build.0 = Debug|Any CPU
		{42CBB813-A54B-424E-A25E-9936CD54018E}.Release|Any CPU.ActiveCfg = Release|Any CPU
		{42CBB813-A54B-424E-A25E-9936CD54018E}.Release|Any CPU.Build.0 = Release|Any CPU
		{343D2C9D-D612-4958-ACB9-0A15C1ED437E}.Debug|Any CPU.ActiveCfg = Debug|Any CPU
		{343D2C9D-D612-4958-ACB9-0A15C1ED437E}.Debug|Any CPU.Build.0 = Debug|Any CPU
		{343D2C9D-D612-4958-ACB9-0A15C1ED437E}.Release|Any CPU.ActiveCfg = Release|Any CPU
		{343D2C9D-D612-4958-ACB9-0A15C1ED437E}.Release|Any CPU.Build.0 = Release|Any CPU
		{12E28FED-842C-48D6-B1A3-C3D6D1F0AD09}.Debug|Any CPU.ActiveCfg = Debug|Any CPU
		{12E28FED-842C-48D6-B1A3-C3D6D1F0AD09}.Debug|Any CPU.Build.0 = Debug|Any CPU
		{12E28FED-842C-48D6-B1A3-C3D6D1F0AD09}.Release|Any CPU.ActiveCfg = Release|Any CPU
		{12E28FED-842C-48D6-B1A3-C3D6D1F0AD09}.Release|Any CPU.Build.0 = Release|Any CPU
	EndGlobalSection
	GlobalSection(SolutionProperties) = preSolution
		HideSolutionNode = FALSE
	EndGlobalSection
EndGlobal
