
Microsoft Visual Studio Solution File, Format Version 12.00
# Visual Studio 14
VisualStudioVersion = 14.0.25420.1
MinimumVisualStudioVersion = 10.0.40219.1
Project("{FAE04EC0-301F-11D3-BF4B-00C04F79EFBC}") = "Modelos", "Modelos\Modelos.csproj", "{2984B15A-38DC-4EAB-8B20-AFF886EBF72E}"
EndProject
Project("{FAE04EC0-301F-11D3-BF4B-00C04F79EFBC}") = "Controller", "Controller\Controller.csproj", "{890A0A74-550F-4081-AD74-93D680F15D65}"
EndProject
Project("{FAE04EC0-301F-11D3-BF4B-00C04F79EFBC}") = "ConsoleView", "ConsoleView\ConsoleView.csproj", "{A2DB08F3-8CDC-4FDA-BE7C-47DEB5A7FF79}"
EndProject
Global
	GlobalSection(SolutionConfigurationPlatforms) = preSolution
		Debug|Any CPU = Debug|Any CPU
		Release|Any CPU = Release|Any CPU
	EndGlobalSection
	GlobalSection(ProjectConfigurationPlatforms) = postSolution
		{2984B15A-38DC-4EAB-8B20-AFF886EBF72E}.Debug|Any CPU.ActiveCfg = Debug|Any CPU
		{2984B15A-38DC-4EAB-8B20-AFF886EBF72E}.Debug|Any CPU.Build.0 = Debug|Any CPU
		{2984B15A-38DC-4EAB-8B20-AFF886EBF72E}.Release|Any CPU.ActiveCfg = Release|Any CPU
		{2984B15A-38DC-4EAB-8B20-AFF886EBF72E}.Release|Any CPU.Build.0 = Release|Any CPU
		{890A0A74-550F-4081-AD74-93D680F15D65}.Debug|Any CPU.ActiveCfg = Debug|Any CPU
		{890A0A74-550F-4081-AD74-93D680F15D65}.Debug|Any CPU.Build.0 = Debug|Any CPU
		{890A0A74-550F-4081-AD74-93D680F15D65}.Release|Any CPU.ActiveCfg = Release|Any CPU
		{890A0A74-550F-4081-AD74-93D680F15D65}.Release|Any CPU.Build.0 = Release|Any CPU
		{A2DB08F3-8CDC-4FDA-BE7C-47DEB5A7FF79}.Debug|Any CPU.ActiveCfg = Debug|Any CPU
		{A2DB08F3-8CDC-4FDA-BE7C-47DEB5A7FF79}.Debug|Any CPU.Build.0 = Debug|Any CPU
		{A2DB08F3-8CDC-4FDA-BE7C-47DEB5A7FF79}.Release|Any CPU.ActiveCfg = Release|Any CPU
		{A2DB08F3-8CDC-4FDA-BE7C-47DEB5A7FF79}.Release|Any CPU.Build.0 = Release|Any CPU
	EndGlobalSection
	GlobalSection(SolutionProperties) = preSolution
		HideSolutionNode = FALSE
	EndGlobalSection
EndGlobal
